
Microsoft Visual Studio Solution File, Format Version 12.00
# Visual Studio 14
VisualStudioVersion = 14.0.25420.1
MinimumVisualStudioVersion = 10.0.40219.1
Project("{FAE04EC0-301F-11D3-BF4B-00C04F79EFBC}") = "just4net", "just4net\just4net.csproj", "{12AA1CA4-FB0F-4F38-AC0E-147C9E47C110}"
EndProject
Project("{FAE04EC0-301F-11D3-BF4B-00C04F79EFBC}") = "demo", "demo\demo.csproj", "{4879BF10-2044-49DE-A8D5-4DFEC0EBC6D4}"
EndProject
Global
	GlobalSection(SolutionConfigurationPlatforms) = preSolution
		Debug|Any CPU = Debug|Any CPU
		Release|Any CPU = Release|Any CPU
	EndGlobalSection
	GlobalSection(ProjectConfigurationPlatforms) = postSolution
		{12AA1CA4-FB0F-4F38-AC0E-147C9E47C110}.Debug|Any CPU.ActiveCfg = Debug|Any CPU
		{12AA1CA4-FB0F-4F38-AC0E-147C9E47C110}.Debug|Any CPU.Build.0 = Debug|Any CPU
		{12AA1CA4-FB0F-4F38-AC0E-147C9E47C110}.Release|Any CPU.ActiveCfg = Release|Any CPU
		{12AA1CA4-FB0F-4F38-AC0E-147C9E47C110}.Release|Any CPU.Build.0 = Release|Any CPU
		{4879BF10-2044-49DE-A8D5-4DFEC0EBC6D4}.Debug|Any CPU.ActiveCfg = Debug|Any CPU
		{4879BF10-2044-49DE-A8D5-4DFEC0EBC6D4}.Debug|Any CPU.Build.0 = Debug|Any CPU
		{4879BF10-2044-49DE-A8D5-4DFEC0EBC6D4}.Release|Any CPU.ActiveCfg = Release|Any CPU
		{4879BF10-2044-49DE-A8D5-4DFEC0EBC6D4}.Release|Any CPU.Build.0 = Release|Any CPU
	EndGlobalSection
	GlobalSection(SolutionProperties) = preSolution
		HideSolutionNode = FALSE
	EndGlobalSection
EndGlobal
